
Microsoft Visual Studio Solution File, Format Version 12.00
# Visual Studio Version 17
VisualStudioVersion = 17.6.33723.286
MinimumVisualStudioVersion = 10.0.40219.1
Project("{9A19103F-16F7-4668-BE54-9A1E7A4F7556}") = "Integrity Verifier", "Integrity Verifier\Integrity Verifier.csproj", "{703281DE-AB38-4C49-9862-57C247603426}"
EndProject
Global
	GlobalSection(SolutionConfigurationPlatforms) = preSolution
		Debug|Any CPU = Debug|Any CPU
		Release|Any CPU = Release|Any CPU
	EndGlobalSection
	GlobalSection(ProjectConfigurationPlatforms) = postSolution
		{703281DE-AB38-4C49-9862-57C247603426}.Debug|Any CPU.ActiveCfg = Debug|Any CPU
		{703281DE-AB38-4C49-9862-57C247603426}.Debug|Any CPU.Build.0 = Debug|Any CPU
		{703281DE-AB38-4C49-9862-57C247603426}.Release|Any CPU.ActiveCfg = Release|Any CPU
		{703281DE-AB38-4C49-9862-57C247603426}.Release|Any CPU.Build.0 = Release|Any CPU
	EndGlobalSection
	GlobalSection(SolutionProperties) = preSolution
		HideSolutionNode = FALSE
	EndGlobalSection
	GlobalSection(ExtensibilityGlobals) = postSolution
		SolutionGuid = {E02E88A1-26F8-4B14-9E2A-B8B032F9740F}
	EndGlobalSection
EndGlobal
